
Microsoft Visual Studio Solution File, Format Version 12.00
# Visual Studio Version 16
VisualStudioVersion = 16.0.32802.440
MinimumVisualStudioVersion = 10.0.40219.1
Project("{FAE04EC0-301F-11D3-BF4B-00C04F79EFBC}") = "MVC_Test", "MVC_Test\MVC_Test.csproj", "{B588BEFB-4B53-49A0-8ED1-A64EE98683C1}"
EndProject
Global
	GlobalSection(SolutionConfigurationPlatforms) = preSolution
		Debug|Any CPU = Debug|Any CPU
		Release|Any CPU = Release|Any CPU
	EndGlobalSection
	GlobalSection(ProjectConfigurationPlatforms) = postSolution
		{B588BEFB-4B53-49A0-8ED1-A64EE98683C1}.Debug|Any CPU.ActiveCfg = Debug|Any CPU
		{B588BEFB-4B53-49A0-8ED1-A64EE98683C1}.Debug|Any CPU.Build.0 = Debug|Any CPU
		{B588BEFB-4B53-49A0-8ED1-A64EE98683C1}.Release|Any CPU.ActiveCfg = Release|Any CPU
		{B588BEFB-4B53-49A0-8ED1-A64EE98683C1}.Release|Any CPU.Build.0 = Release|Any CPU
	EndGlobalSection
	GlobalSection(SolutionProperties) = preSolution
		HideSolutionNode = FALSE
	EndGlobalSection
	GlobalSection(ExtensibilityGlobals) = postSolution
		SolutionGuid = {BF8D3074-F421-41CB-96DC-7B24D2CC4455}
	EndGlobalSection
EndGlobal
